// !$*UTF8*$!
{
	archiveVersion = 1;
	classes = {
	};
	objectVersion = 55;
	objects = {

/* Begin PBXBuildFile section */
		9C7AD5DD273D8AC80094BF39 /* ContactsSwiftUIApp.swift in Sources */ = {isa = PBXBuildFile; fileRef = 9C7AD5DC273D8AC80094BF39 /* ContactsSwiftUIApp.swift */; };
		9C7AD5DF273D8AC80094BF39 /* ContentView.swift in Sources */ = {isa = PBXBuildFile; fileRef = 9C7AD5DE273D8AC80094BF39 /* ContentView.swift */; };
		9C7AD5E1273D8AC90094BF39 /* Assets.xcassets in Resources */ = {isa = PBXBuildFile; fileRef = 9C7AD5E0273D8AC90094BF39 /* Assets.xcassets */; };
		9C7AD5E4273D8AC90094BF39 /* Preview Assets.xcassets in Resources */ = {isa = PBXBuildFile; fileRef = 9C7AD5E3273D8AC90094BF39 /* Preview Assets.xcassets */; };
		9C7AD5EB273D8B160094BF39 /* Person.swift in Sources */ = {isa = PBXBuildFile; fileRef = 9C7AD5EA273D8B160094BF39 /* Person.swift */; };
		9C7AD5ED273D8B2C0094BF39 /* DataManager.swift in Sources */ = {isa = PBXBuildFile; fileRef = 9C7AD5EC273D8B2C0094BF39 /* DataManager.swift */; };
		9C7AD5EF273D8EC80094BF39 /* Contacts.swift in Sources */ = {isa = PBXBuildFile; fileRef = 9C7AD5EE273D8EC80094BF39 /* Contacts.swift */; };
		9C7AD5F1273D8ED20094BF39 /* Numbers.swift in Sources */ = {isa = PBXBuildFile; fileRef = 9C7AD5F0273D8ED20094BF39 /* Numbers.swift */; };
		9C7AD5F3273D95890094BF39 /* PersonDescription.swift in Sources */ = {isa = PBXBuildFile; fileRef = 9C7AD5F2273D95890094BF39 /* PersonDescription.swift */; };
		9C7AD5F7273DB44E0094BF39 /* InfoView.swift in Sources */ = {isa = PBXBuildFile; fileRef = 9C7AD5F6273DB44E0094BF39 /* InfoView.swift */; };
/* End PBXBuildFile section */

/* Begin PBXFileReference section */
		9C7AD5D9273D8AC80094BF39 /* ContactsSwiftUI.app */ = {isa = PBXFileReference; explicitFileType = wrapper.application; includeInIndex = 0; path = ContactsSwiftUI.app; sourceTree = BUILT_PRODUCTS_DIR; };
		9C7AD5DC273D8AC80094BF39 /* ContactsSwiftUIApp.swift */ = {isa = PBXFileReference; lastKnownFileType = sourcecode.swift; path = ContactsSwiftUIApp.swift; sourceTree = "<group>"; };
		9C7AD5DE273D8AC80094BF39 /* ContentView.swift */ = {isa = PBXFileReference; lastKnownFileType = sourcecode.swift; path = ContentView.swift; sourceTree = "<group>"; };
		9C7AD5E0273D8AC90094BF39 /* Assets.xcassets */ = {isa = PBXFileReference; lastKnownFileType = folder.assetcatalog; path = Assets.xcassets; sourceTree = "<group>"; };
		9C7AD5E3273D8AC90094BF39 /* Preview Assets.xcassets */ = {isa = PBXFileReference; lastKnownFileType = folder.assetcatalog; path = "Preview Assets.xcassets"; sourceTree = "<group>"; };
		9C7AD5EA273D8B160094BF39 /* Person.swift */ = {isa = PBXFileReference; lastKnownFileType = sourcecode.swift; path = Person.swift; sourceTree = "<group>"; };
		9C7AD5EC273D8B2C0094BF39 /* DataManager.swift */ = {isa = PBXFileReference; lastKnownFileType = sourcecode.swift; path = DataManager.swift; sourceTree = "<group>"; };
		9C7AD5EE273D8EC80094BF39 /* Contacts.swift */ = {isa = PBXFileReference; lastKnownFileType = sourcecode.swift; path = Contacts.swift; sourceTree = "<group>"; };
		9C7AD5F0273D8ED20094BF39 /* Numbers.swift */ = {isa = PBXFileReference; lastKnownFileType = sourcecode.swift; path = Numbers.swift; sourceTree = "<group>"; };
		9C7AD5F2273D95890094BF39 /* PersonDescription.swift */ = {isa = PBXFileReference; lastKnownFileType = sourcecode.swift; path = PersonDescription.swift; sourceTree = "<group>"; };
		9C7AD5F6273DB44E0094BF39 /* InfoView.swift */ = {isa = PBXFileReference; lastKnownFileType = sourcecode.swift; path = InfoView.swift; sourceTree = "<group>"; };
/* End PBXFileReference section */

/* Begin PBXFrameworksBuildPhase section */
		9C7AD5D6273D8AC80094BF39 /* Frameworks */ = {
			isa = PBXFrameworksBuildPhase;
			buildActionMask = 2147483647;
			files = (
			);
			runOnlyForDeploymentPostprocessing = 0;
		};
/* End PBXFrameworksBuildPhase section */

/* Begin PBXGroup section */
		9C7AD5D0273D8AC80094BF39 = {
			isa = PBXGroup;
			children = (
				9C7AD5DB273D8AC80094BF39 /* ContactsSwiftUI */,
				9C7AD5DA273D8AC80094BF39 /* Products */,
			);
			sourceTree = "<group>";
		};
		9C7AD5DA273D8AC80094BF39 /* Products */ = {
			isa = PBXGroup;
			children = (
				9C7AD5D9273D8AC80094BF39 /* ContactsSwiftUI.app */,
			);
			name = Products;
			sourceTree = "<group>";
		};
		9C7AD5DB273D8AC80094BF39 /* ContactsSwiftUI */ = {
			isa = PBXGroup;
			children = (
				9C7AD5DC273D8AC80094BF39 /* ContactsSwiftUIApp.swift */,
				9C7AD5DE273D8AC80094BF39 /* ContentView.swift */,
				9C7AD5EE273D8EC80094BF39 /* Contacts.swift */,
				9C7AD5F2273D95890094BF39 /* PersonDescription.swift */,
				9C7AD5F0273D8ED20094BF39 /* Numbers.swift */,
				9C7AD5F6273DB44E0094BF39 /* InfoView.swift */,
				9C7AD5F5273DB2E70094BF39 /* Models */,
				9C7AD5F4273DB2DD0094BF39 /* Services */,
				9C7AD5E0273D8AC90094BF39 /* Assets.xcassets */,
				9C7AD5E2273D8AC90094BF39 /* Preview Content */,
			);
			path = ContactsSwiftUI;
			sourceTree = "<group>";
		};
		9C7AD5E2273D8AC90094BF39 /* Preview Content */ = {
			isa = PBXGroup;
			children = (
				9C7AD5E3273D8AC90094BF39 /* Preview Assets.xcassets */,
			);
			path = "Preview Content";
			sourceTree = "<group>";
		};
		9C7AD5F4273DB2DD0094BF39 /* Services */ = {
			isa = PBXGroup;
			children = (
				9C7AD5EC273D8B2C0094BF39 /* DataManager.swift */,
			);
			path = Services;
			sourceTree = "<group>";
		};
		9C7AD5F5273DB2E70094BF39 /* Models */ = {
			isa = PBXGroup;
			children = (
				9C7AD5EA273D8B160094BF39 /* Person.swift */,
			);
			path = Models;
			sourceTree = "<group>";
		};
/* End PBXGroup section */

/* Begin PBXNativeTarget section */
		9C7AD5D8273D8AC80094BF39 /* ContactsSwiftUI */ = {
			isa = PBXNativeTarget;
			buildConfigurationList = 9C7AD5E7273D8AC90094BF39 /* Build configuration list for PBXNativeTarget "ContactsSwiftUI" */;
			buildPhases = (
				9C7AD5D5273D8AC80094BF39 /* Sources */,
				9C7AD5D6273D8AC80094BF39 /* Frameworks */,
				9C7AD5D7273D8AC80094BF39 /* Resources */,
			);
			buildRules = (
			);
			dependencies = (
			);
			name = ContactsSwiftUI;
			productName = ContactsSwiftUI;
			productReference = 9C7AD5D9273D8AC80094BF39 /* ContactsSwiftUI.app */;
			productType = "com.apple.product-type.application";
		};
/* End PBXNativeTarget section */

/* Begin PBXProject section */
		9C7AD5D1273D8AC80094BF39 /* Project object */ = {
			isa = PBXProject;
			attributes = {
				BuildIndependentTargetsInParallel = 1;
				LastSwiftUpdateCheck = 1300;
				LastUpgradeCheck = 1300;
				TargetAttributes = {
					9C7AD5D8273D8AC80094BF39 = {
						CreatedOnToolsVersion = 13.0;
					};
				};
			};
			buildConfigurationList = 9C7AD5D4273D8AC80094BF39 /* Build configuration list for PBXProject "ContactsSwiftUI" */;
			compatibilityVersion = "Xcode 13.0";
			developmentRegion = en;
			hasScannedForEncodings = 0;
			knownRegions = (
				en,
				Base,
			);
			mainGroup = 9C7AD5D0273D8AC80094BF39;
			productRefGroup = 9C7AD5DA273D8AC80094BF39 /* Products */;
			projectDirPath = "";
			projectRoot = "";
			targets = (
				9C7AD5D8273D8AC80094BF39 /* ContactsSwiftUI */,
			);
		};
/* End PBXProject section */

/* Begin PBXResourcesBuildPhase section */
		9C7AD5D7273D8AC80094BF39 /* Resources */ = {
			isa = PBXResourcesBuildPhase;
			buildActionMask = 2147483647;
			files = (
				9C7AD5E4273D8AC90094BF39 /* Preview Assets.xcassets in Resources */,
				9C7AD5E1273D8AC90094BF39 /* Assets.xcassets in Resources */,
			);
			runOnlyForDeploymentPostprocessing = 0;
		};
/* End PBXResourcesBuildPhase section */

/* Begin PBXSourcesBuildPhase section */
		9C7AD5D5273D8AC80094BF39 /* Sources */ = {
			isa = PBXSourcesBuildPhase;
			buildActionMask = 2147483647;
			files = (
				9C7AD5F7273DB44E0094BF39 /* InfoView.swift in Sources */,
				9C7AD5EB273D8B160094BF39 /* Person.swift in Sources */,
				9C7AD5ED273D8B2C0094BF39 /* DataManager.swift in Sources */,
				9C7AD5F1273D8ED20094BF39 /* Numbers.swift in Sources */,
				9C7AD5DF273D8AC80094BF39 /* ContentView.swift in Sources */,
				9C7AD5DD273D8AC80094BF39 /* ContactsSwiftUIApp.swift in Sources */,
				9C7AD5EF273D8EC80094BF39 /* Contacts.swift in Sources */,
				9C7AD5F3273D95890094BF39 /* PersonDescription.swift in Sources */,
			);
			runOnlyForDeploymentPostprocessing = 0;
		};
/* End PBXSourcesBuildPhase section */

/* Begin XCBuildConfiguration section */
		9C7AD5E5273D8AC90094BF39 /* Debug */ = {
			isa = XCBuildConfiguration;
			buildSettings = {
				ALWAYS_SEARCH_USER_PATHS = NO;
				CLANG_ANALYZER_NONNULL = YES;
				CLANG_ANALYZER_NUMBER_OBJECT_CONVERSION = YES_AGGRESSIVE;
				CLANG_CXX_LANGUAGE_STANDARD = "gnu++17";
				CLANG_CXX_LIBRARY = "libc++";
				CLANG_ENABLE_MODULES = YES;
				CLANG_ENABLE_OBJC_ARC = YES;
				CLANG_ENABLE_OBJC_WEAK = YES;
				CLANG_WARN_BLOCK_CAPTURE_AUTORELEASING = YES;
				CLANG_WARN_BOOL_CONVERSION = YES;
				CLANG_WARN_COMMA = YES;
				CLANG_WARN_CONSTANT_CONVERSION = YES;
				CLANG_WARN_DEPRECATED_OBJC_IMPLEMENTATIONS = YES;
				CLANG_WARN_DIRECT_OBJC_ISA_USAGE = YES_ERROR;
				CLANG_WARN_DOCUMENTATION_COMMENTS = YES;
				CLANG_WARN_EMPTY_BODY = YES;
				CLANG_WARN_ENUM_CONVERSION = YES;
				CLANG_WARN_INFINITE_RECURSION = YES;
				CLANG_WARN_INT_CONVERSION = YES;
				CLANG_WARN_NON_LITERAL_NULL_CONVERSION = YES;
				CLANG_WARN_OBJC_IMPLICIT_RETAIN_SELF = YES;
				CLANG_WARN_OBJC_LITERAL_CONVERSION = YES;
				CLANG_WARN_OBJC_ROOT_CLASS = YES_ERROR;
				CLANG_WARN_QUOTED_INCLUDE_IN_FRAMEWORK_HEADER = YES;
				CLANG_WARN_RANGE_LOOP_ANALYSIS = YES;
				CLANG_WARN_STRICT_PROTOTYPES = YES;
				CLANG_WARN_SUSPICIOUS_MOVE = YES;
				CLANG_WARN_UNGUARDED_AVAILABILITY = YES_AGGRESSIVE;
				CLANG_WARN_UNREACHABLE_CODE = YES;
				CLANG_WARN__DUPLICATE_METHOD_MATCH = YES;
				COPY_PHASE_STRIP = NO;
				DEBUG_INFORMATION_FORMAT = dwarf;
				ENABLE_STRICT_OBJC_MSGSEND = YES;
				ENABLE_TESTABILITY = YES;
				GCC_C_LANGUAGE_STANDARD = gnu11;
				GCC_DYNAMIC_NO_PIC = NO;
				GCC_NO_COMMON_BLOCKS = YES;
				GCC_OPTIMIZATION_LEVEL = 0;
				GCC_PREPROCESSOR_DEFINITIONS = (
					"DEBUG=1",
					"$(inherited)",
				);
				GCC_WARN_64_TO_32_BIT_CONVERSION = YES;
				GCC_WARN_ABOUT_RETURN_TYPE = YES_ERROR;
				GCC_WARN_UNDECLARED_SELECTOR = YES;
				GCC_WARN_UNINITIALIZED_AUTOS = YES_AGGRESSIVE;
				GCC_WARN_UNUSED_FUNCTION = YES;
				GCC_WARN_UNUSED_VARIABLE = YES;
				IPHONEOS_DEPLOYMENT_TARGET = 15.0;
				MTL_ENABLE_DEBUG_INFO = INCLUDE_SOURCE;
				MTL_FAST_MATH = YES;
				ONLY_ACTIVE_ARCH = YES;
				SDKROOT = iphoneos;
				SWIFT_ACTIVE_COMPILATION_CONDITIONS = DEBUG;
				SWIFT_OPTIMIZATION_LEVEL = "-Onone";
			};
			name = Debug;
		};
		9C7AD5E6273D8AC90094BF39 /* Release */ = {
			isa = XCBuildConfiguration;
			buildSettings = {
				ALWAYS_SEARCH_USER_PATHS = NO;
				CLANG_ANALYZER_NONNULL = YES;
				CLANG_ANALYZER_NUMBER_OBJECT_CONVERSION = YES_AGGRESSIVE;
				CLANG_CXX_LANGUAGE_STANDARD = "gnu++17";
				CLANG_CXX_LIBRARY = "libc++";
				CLANG_ENABLE_MODULES = YES;
				CLANG_ENABLE_OBJC_ARC = YES;
				CLANG_ENABLE_OBJC_WEAK = YES;
				CLANG_WARN_BLOCK_CAPTURE_AUTORELEASING = YES;
				CLANG_WARN_BOOL_CONVERSION = YES;
				CLANG_WARN_COMMA = YES;
				CLANG_WARN_CONSTANT_CONVERSION = YES;
				CLANG_WARN_DEPRECATED_OBJC_IMPLEMENTATIONS = YES;
				CLANG_WARN_DIRECT_OBJC_ISA_USAGE = YES_ERROR;
				CLANG_WARN_DOCUMENTATION_COMMENTS = YES;
				CLANG_WARN_EMPTY_BODY = YES;
				CLANG_WARN_ENUM_CONVERSION = YES;
				CLANG_WARN_INFINITE_RECURSION = YES;
				CLANG_WARN_INT_CONVERSION = YES;
				CLANG_WARN_NON_LITERAL_NULL_CONVERSION = YES;
				CLANG_WARN_OBJC_IMPLICIT_RETAIN_SELF = YES;
				CLANG_WARN_OBJC_LITERAL_CONVERSION = YES;
				CLANG_WARN_OBJC_ROOT_CLASS = YES_ERROR;
				CLANG_WARN_QUOTED_INCLUDE_IN_FRAMEWORK_HEADER = YES;
				CLANG_WARN_RANGE_LOOP_ANALYSIS = YES;
				CLANG_WARN_STRICT_PROTOTYPES = YES;
				CLANG_WARN_SUSPICIOUS_MOVE = YES;
				CLANG_WARN_UNGUARDED_AVAILABILITY = YES_AGGRESSIVE;
				CLANG_WARN_UNREACHABLE_CODE = YES;
				CLANG_WARN__DUPLICATE_METHOD_MATCH = YES;
				COPY_PHASE_STRIP = NO;
				DEBUG_INFORMATION_FORMAT = "dwarf-with-dsym";
				ENABLE_NS_ASSERTIONS = NO;
				ENABLE_STRICT_OBJC_MSGSEND = YES;
				GCC_C_LANGUAGE_STANDARD = gnu11;
				GCC_NO_COMMON_BLOCKS = YES;
				GCC_WARN_64_TO_32_BIT_CONVERSION = YES;
				GCC_WARN_ABOUT_RETURN_TYPE = YES_ERROR;
				GCC_WARN_UNDECLARED_SELECTOR = YES;
				GCC_WARN_UNINITIALIZED_AUTOS = YES_AGGRESSIVE;
				GCC_WARN_UNUSED_FUNCTION = YES;
				GCC_WARN_UNUSED_VARIABLE = YES;
				IPHONEOS_DEPLOYMENT_TARGET = 15.0;
				MTL_ENABLE_DEBUG_INFO = NO;
				MTL_FAST_MATH = YES;
				SDKROOT = iphoneos;
				SWIFT_COMPILATION_MODE = wholemodule;
				SWIFT_OPTIMIZATION_LEVEL = "-O";
				VALIDATE_PRODUCT = YES;
			};
			name = Release;
		};
		9C7AD5E8273D8AC90094BF39 /* Debug */ = {
			isa = XCBuildConfiguration;
			buildSettings = {
				ASSETCATALOG_COMPILER_APPICON_NAME = AppIcon;
				ASSETCATALOG_COMPILER_GLOBAL_ACCENT_COLOR_NAME = AccentColor;
				CODE_SIGN_STYLE = Automatic;
				CURRENT_PROJECT_VERSION = 1;
				DEVELOPMENT_ASSET_PATHS = "\"ContactsSwiftUI/Preview Content\"";
				DEVELOPMENT_TEAM = JCDM2HMWLU;
				ENABLE_PREVIEWS = YES;
				GENERATE_INFOPLIST_FILE = YES;
				INFOPLIST_KEY_UIApplicationSceneManifest_Generation = YES;
				INFOPLIST_KEY_UIApplicationSupportsIndirectInputEvents = YES;
				INFOPLIST_KEY_UILaunchScreen_Generation = YES;
				INFOPLIST_KEY_UISupportedInterfaceOrientations_iPad = "UIInterfaceOrientationPortrait UIInterfaceOrientationPortraitUpsideDown UIInterfaceOrientationLandscapeLeft UIInterfaceOrientationLandscapeRight";
				INFOPLIST_KEY_UISupportedInterfaceOrientations_iPhone = "UIInterfaceOrientationPortrait UIInterfaceOrientationLandscapeLeft UIInterfaceOrientationLandscapeRight";
				IPHONEOS_DEPLOYMENT_TARGET = 14.0;
				LD_RUNPATH_SEARCH_PATHS = (
					"$(inherited)",
					"@executable_path/Frameworks",
				);
				MARKETING_VERSION = 1.0;
				PRODUCT_BUNDLE_IDENTIFIER = com.AnatoliiMironov.ContactsSwiftUI;
				PRODUCT_NAME = "$(TARGET_NAME)";
				SWIFT_EMIT_LOC_STRINGS = YES;
				SWIFT_VERSION = 5.0;
				TARGETED_DEVICE_FAMILY = "1,2";
			};
			name = Debug;
		};
		9C7AD5E9273D8AC90094BF39 /* Release */ = {
			isa = XCBuildConfiguration;
			buildSettings = {
				ASSETCATALOG_COMPILER_APPICON_NAME = AppIcon;
				ASSETCATALOG_COMPILER_GLOBAL_ACCENT_COLOR_NAME = AccentColor;
				CODE_SIGN_STYLE = Automatic;
				CURRENT_PROJECT_VERSION = 1;
				DEVELOPMENT_ASSET_PATHS = "\"ContactsSwiftUI/Preview Content\"";
				DEVELOPMENT_TEAM = JCDM2HMWLU;
				ENABLE_PREVIEWS = YES;
				GENERATE_INFOPLIST_FILE = YES;
				INFOPLIST_KEY_UIApplicationSceneManifest_Generation = YES;
				INFOPLIST_KEY_UIApplicationSupportsIndirectInputEvents = YES;
				INFOPLIST_KEY_UILaunchScreen_Generation = YES;
				INFOPLIST_KEY_UISupportedInterfaceOrientations_iPad = "UIInterfaceOrientationPortrait UIInterfaceOrientationPortraitUpsideDown UIInterfaceOrientationLandscapeLeft UIInterfaceOrientationLandscapeRight";
				INFOPLIST_KEY_UISupportedInterfaceOrientations_iPhone = "UIInterfaceOrientationPortrait UIInterfaceOrientationLandscapeLeft UIInterfaceOrientationLandscapeRight";
				IPHONEOS_DEPLOYMENT_TARGET = 14.0;
				LD_RUNPATH_SEARCH_PATHS = (
					"$(inherited)",
					"@executable_path/Frameworks",
				);
				MARKETING_VERSION = 1.0;
				PRODUCT_BUNDLE_IDENTIFIER = com.AnatoliiMironov.ContactsSwiftUI;
				PRODUCT_NAME = "$(TARGET_NAME)";
				SWIFT_EMIT_LOC_STRINGS = YES;
				SWIFT_VERSION = 5.0;
				TARGETED_DEVICE_FAMILY = "1,2";
			};
			name = Release;
		};
/* End XCBuildConfiguration section */

/* Begin XCConfigurationList section */
		9C7AD5D4273D8AC80094BF39 /* Build configuration list for PBXProject "ContactsSwiftUI" */ = {
			isa = XCConfigurationList;
			buildConfigurations = (
				9C7AD5E5273D8AC90094BF39 /* Debug */,
				9C7AD5E6273D8AC90094BF39 /* Release */,
			);
			defaultConfigurationIsVisible = 0;
			defaultConfigurationName = Release;
		};
		9C7AD5E7273D8AC90094BF39 /* Build configuration list for PBXNativeTarget "ContactsSwiftUI" */ = {
			isa = XCConfigurationList;
			buildConfigurations = (
				9C7AD5E8273D8AC90094BF39 /* Debug */,
				9C7AD5E9273D8AC90094BF39 /* Release */,
			);
			defaultConfigurationIsVisible = 0;
			defaultConfigurationName = Release;
		};
/* End XCConfigurationList section */
	};
	rootObject = 9C7AD5D1273D8AC80094BF39 /* Project object */;
}
